# THIS IS AN AUTOGENERATED FILE. DO NOT EDIT THIS FILE DIRECTLY.
# yarn lockfile v1


next-js@^0.9.0-alpha:
  version "0.9.0-alpha"
  resolved "https://registry.yarnpkg.com/next-js/-/next-js-0.9.0-alpha.tgz#5c43aabd4b0355b1b68c129a02e30b045aa7e6f5"
  integrity sha512-kTsyhgF613KrNTAlMlzdl/SmXEednlPQgqfd/UdQ6DM7zSCxJLnU3lIxOV3sOnLwhXOmLzqztNyifB9KLOozwg==

typescript@^4.8.0-dev.20220726:
  version "4.8.0-dev.20220726"
  resolved "https://registry.yarnpkg.com/typescript/-/typescript-4.8.0-dev.20220726.tgz#fa71807c492244bad23369584e2718ef0d5e4b8a"
  integrity sha512-StnBLpPVZZlNZuJE6wLZEY+REkAGh2WUmJ7D670jNyXHo/TA+0zJxJ3g/farsYAuS2S5Vt3LiwbTBeo6ebXcHg==
